
Microsoft Visual Studio Solution File, Format Version 12.00
# Visual Studio 15
VisualStudioVersion = 15.0.27130.2003
MinimumVisualStudioVersion = 10.0.40219.1
Project("{8BC9CEB8-8B4A-11D0-8D11-00A0C91BC942}") = "2.6.1", "2.6.1\2.6.1.vcxproj", "{9D4B131B-6F12-4F69-B2AD-4DA1E82AC51E}"
EndProject
Global
	GlobalSection(SolutionConfigurationPlatforms) = preSolution
		Debug|x64 = Debug|x64
		Debug|x86 = Debug|x86
		Release|x64 = Release|x64
		Release|x86 = Release|x86
	EndGlobalSection
	GlobalSection(ProjectConfigurationPlatforms) = postSolution
		{9D4B131B-6F12-4F69-B2AD-4DA1E82AC51E}.Debug|x64.ActiveCfg = Debug|x64
		{9D4B131B-6F12-4F69-B2AD-4DA1E82AC51E}.Debug|x64.Build.0 = Debug|x64
		{9D4B131B-6F12-4F69-B2AD-4DA1E82AC51E}.Debug|x86.ActiveCfg = Debug|Win32
		{9D4B131B-6F12-4F69-B2AD-4DA1E82AC51E}.Debug|x86.Build.0 = Debug|Win32
		{9D4B131B-6F12-4F69-B2AD-4DA1E82AC51E}.Release|x64.ActiveCfg = Release|x64
		{9D4B131B-6F12-4F69-B2AD-4DA1E82AC51E}.Release|x64.Build.0 = Release|x64
		{9D4B131B-6F12-4F69-B2AD-4DA1E82AC51E}.Release|x86.ActiveCfg = Release|Win32
		{9D4B131B-6F12-4F69-B2AD-4DA1E82AC51E}.Release|x86.Build.0 = Release|Win32
	EndGlobalSection
	GlobalSection(SolutionProperties) = preSolution
		HideSolutionNode = FALSE
	EndGlobalSection
	GlobalSection(ExtensibilityGlobals) = postSolution
		SolutionGuid = {4600CC91-34F5-4711-BCB6-F975DB427BF3}
	EndGlobalSection
EndGlobal
