
Microsoft Visual Studio Solution File, Format Version 12.00
# Visual Studio 15
VisualStudioVersion = 15.0.27130.2003
MinimumVisualStudioVersion = 10.0.40219.1
Project("{8BC9CEB8-8B4A-11D0-8D11-00A0C91BC942}") = "3.4.1", "3.4.1\3.4.1.vcxproj", "{E0667BB7-DE45-4966-A1D0-3EA5F293EC02}"
EndProject
Global
	GlobalSection(SolutionConfigurationPlatforms) = preSolution
		Debug|x64 = Debug|x64
		Debug|x86 = Debug|x86
		Release|x64 = Release|x64
		Release|x86 = Release|x86
	EndGlobalSection
	GlobalSection(ProjectConfigurationPlatforms) = postSolution
		{E0667BB7-DE45-4966-A1D0-3EA5F293EC02}.Debug|x64.ActiveCfg = Debug|x64
		{E0667BB7-DE45-4966-A1D0-3EA5F293EC02}.Debug|x64.Build.0 = Debug|x64
		{E0667BB7-DE45-4966-A1D0-3EA5F293EC02}.Debug|x86.ActiveCfg = Debug|Win32
		{E0667BB7-DE45-4966-A1D0-3EA5F293EC02}.Debug|x86.Build.0 = Debug|Win32
		{E0667BB7-DE45-4966-A1D0-3EA5F293EC02}.Release|x64.ActiveCfg = Release|x64
		{E0667BB7-DE45-4966-A1D0-3EA5F293EC02}.Release|x64.Build.0 = Release|x64
		{E0667BB7-DE45-4966-A1D0-3EA5F293EC02}.Release|x86.ActiveCfg = Release|Win32
		{E0667BB7-DE45-4966-A1D0-3EA5F293EC02}.Release|x86.Build.0 = Release|Win32
	EndGlobalSection
	GlobalSection(SolutionProperties) = preSolution
		HideSolutionNode = FALSE
	EndGlobalSection
	GlobalSection(ExtensibilityGlobals) = postSolution
		SolutionGuid = {173B9D52-17DE-44B1-B6EE-9B8F27F799CB}
	EndGlobalSection
EndGlobal
