
Microsoft Visual Studio Solution File, Format Version 12.00
# Visual Studio 15
VisualStudioVersion = 15.0.27130.2003
MinimumVisualStudioVersion = 10.0.40219.1
Project("{8BC9CEB8-8B4A-11D0-8D11-00A0C91BC942}") = "1.5.3", "1.5.3\1.5.3.vcxproj", "{1E107CF5-C930-42D2-B717-47FA3FF652EC}"
EndProject
Global
	GlobalSection(SolutionConfigurationPlatforms) = preSolution
		Debug|x64 = Debug|x64
		Debug|x86 = Debug|x86
		Release|x64 = Release|x64
		Release|x86 = Release|x86
	EndGlobalSection
	GlobalSection(ProjectConfigurationPlatforms) = postSolution
		{1E107CF5-C930-42D2-B717-47FA3FF652EC}.Debug|x64.ActiveCfg = Debug|x64
		{1E107CF5-C930-42D2-B717-47FA3FF652EC}.Debug|x64.Build.0 = Debug|x64
		{1E107CF5-C930-42D2-B717-47FA3FF652EC}.Debug|x86.ActiveCfg = Debug|Win32
		{1E107CF5-C930-42D2-B717-47FA3FF652EC}.Debug|x86.Build.0 = Debug|Win32
		{1E107CF5-C930-42D2-B717-47FA3FF652EC}.Release|x64.ActiveCfg = Release|x64
		{1E107CF5-C930-42D2-B717-47FA3FF652EC}.Release|x64.Build.0 = Release|x64
		{1E107CF5-C930-42D2-B717-47FA3FF652EC}.Release|x86.ActiveCfg = Release|Win32
		{1E107CF5-C930-42D2-B717-47FA3FF652EC}.Release|x86.Build.0 = Release|Win32
	EndGlobalSection
	GlobalSection(SolutionProperties) = preSolution
		HideSolutionNode = FALSE
	EndGlobalSection
	GlobalSection(ExtensibilityGlobals) = postSolution
		SolutionGuid = {7E70B4C9-202A-4D09-8F8C-7DB55C117FB6}
	EndGlobalSection
EndGlobal
