
Microsoft Visual Studio Solution File, Format Version 12.00
# Visual Studio 15
VisualStudioVersion = 15.0.27130.2003
MinimumVisualStudioVersion = 10.0.40219.1
Project("{8BC9CEB8-8B4A-11D0-8D11-00A0C91BC942}") = "1.6.1", "1.6.1\1.6.1.vcxproj", "{97885259-5B14-4809-A438-5C63F11E0829}"
EndProject
Global
	GlobalSection(SolutionConfigurationPlatforms) = preSolution
		Debug|x64 = Debug|x64
		Debug|x86 = Debug|x86
		Release|x64 = Release|x64
		Release|x86 = Release|x86
	EndGlobalSection
	GlobalSection(ProjectConfigurationPlatforms) = postSolution
		{97885259-5B14-4809-A438-5C63F11E0829}.Debug|x64.ActiveCfg = Debug|x64
		{97885259-5B14-4809-A438-5C63F11E0829}.Debug|x64.Build.0 = Debug|x64
		{97885259-5B14-4809-A438-5C63F11E0829}.Debug|x86.ActiveCfg = Debug|Win32
		{97885259-5B14-4809-A438-5C63F11E0829}.Debug|x86.Build.0 = Debug|Win32
		{97885259-5B14-4809-A438-5C63F11E0829}.Release|x64.ActiveCfg = Release|x64
		{97885259-5B14-4809-A438-5C63F11E0829}.Release|x64.Build.0 = Release|x64
		{97885259-5B14-4809-A438-5C63F11E0829}.Release|x86.ActiveCfg = Release|Win32
		{97885259-5B14-4809-A438-5C63F11E0829}.Release|x86.Build.0 = Release|Win32
	EndGlobalSection
	GlobalSection(SolutionProperties) = preSolution
		HideSolutionNode = FALSE
	EndGlobalSection
	GlobalSection(ExtensibilityGlobals) = postSolution
		SolutionGuid = {6348FA72-6FB4-45A3-BBC2-8624A4D4BBB6}
	EndGlobalSection
EndGlobal
